// !$*UTF8*$!
{
	archiveVersion = 1;
	classes = {
	};
	objectVersion = 50;
	objects = {

/* Begin PBXBuildFile section */
		2224C31D575EED32C9CC030F /* Pods_SentenceKitTests.framework in Frameworks */ = {isa = PBXBuildFile; fileRef = ACE10A8DCF1C5DD3D8D5CA08 /* Pods_SentenceKitTests.framework */; };
		657EC48A0C5CDBEEDC547644 /* Pods_SentenceKit.framework in Frameworks */ = {isa = PBXBuildFile; fileRef = 1C093EE3BF77C3877A5478DE /* Pods_SentenceKit.framework */; };
		7E8393DE74D455E52ABC57B5 /* Pods_SentenceKitUITests.framework in Frameworks */ = {isa = PBXBuildFile; fileRef = 099404DBBCD69D44681148FE /* Pods_SentenceKitUITests.framework */; };
		E93AADD322592E6600FD971C /* BlurOverlay.swift in Sources */ = {isa = PBXBuildFile; fileRef = E93AADD222592E6600FD971C /* BlurOverlay.swift */; };
		E968926C224B04BB00EA2EDB /* MultiChoice.swift in Sources */ = {isa = PBXBuildFile; fileRef = E968926B224B04BB00EA2EDB /* MultiChoice.swift */; };
		E968926E224B04CC00EA2EDB /* SentenceView.swift in Sources */ = {isa = PBXBuildFile; fileRef = E968926D224B04CC00EA2EDB /* SentenceView.swift */; };
		E9689270224B08DD00EA2EDB /* FreeEntry.swift in Sources */ = {isa = PBXBuildFile; fileRef = E968926F224B08DD00EA2EDB /* FreeEntry.swift */; };
		E983ADDE221BD0B600BC526A /* AppDelegate.swift in Sources */ = {isa = PBXBuildFile; fileRef = E983ADDD221BD0B600BC526A /* AppDelegate.swift */; };
		E983ADE0221BD0B600BC526A /* SentenceViewController.swift in Sources */ = {isa = PBXBuildFile; fileRef = E983ADDF221BD0B600BC526A /* SentenceViewController.swift */; };
		E983ADE3221BD0B600BC526A /* Main.storyboard in Resources */ = {isa = PBXBuildFile; fileRef = E983ADE1221BD0B600BC526A /* Main.storyboard */; };
		E983ADE5221BD0B700BC526A /* Assets.xcassets in Resources */ = {isa = PBXBuildFile; fileRef = E983ADE4221BD0B700BC526A /* Assets.xcassets */; };
		E983ADE8221BD0B700BC526A /* LaunchScreen.storyboard in Resources */ = {isa = PBXBuildFile; fileRef = E983ADE6221BD0B700BC526A /* LaunchScreen.storyboard */; };
		E983ADF3221BD0B700BC526A /* SentenceKitTests.swift in Sources */ = {isa = PBXBuildFile; fileRef = E983ADF2221BD0B700BC526A /* SentenceKitTests.swift */; };
		E983ADFE221BD0B700BC526A /* SentenceKitUITests.swift in Sources */ = {isa = PBXBuildFile; fileRef = E983ADFD221BD0B700BC526A /* SentenceKitUITests.swift */; };
		E9A1AB892238D5AE00EFF65E /* Component.swift in Sources */ = {isa = PBXBuildFile; fileRef = E9A1AB882238D5AE00EFF65E /* Component.swift */; };
		E9C588372236207F000349A6 /* Extensions.swift in Sources */ = {isa = PBXBuildFile; fileRef = E9C588362236207F000349A6 /* Extensions.swift */; };
/* End PBXBuildFile section */

/* Begin PBXContainerItemProxy section */
		E983ADEF221BD0B700BC526A /* PBXContainerItemProxy */ = {
			isa = PBXContainerItemProxy;
			containerPortal = E983ADD2221BD0B600BC526A /* Project object */;
			proxyType = 1;
			remoteGlobalIDString = E983ADD9221BD0B600BC526A;
			remoteInfo = SentenceKit;
		};
		E983ADFA221BD0B700BC526A /* PBXContainerItemProxy */ = {
			isa = PBXContainerItemProxy;
			containerPortal = E983ADD2221BD0B600BC526A /* Project object */;
			proxyType = 1;
			remoteGlobalIDString = E983ADD9221BD0B600BC526A;
			remoteInfo = SentenceKit;
		};
/* End PBXContainerItemProxy section */

/* Begin PBXFileReference section */
		099404DBBCD69D44681148FE /* Pods_SentenceKitUITests.framework */ = {isa = PBXFileReference; explicitFileType = wrapper.framework; includeInIndex = 0; path = Pods_SentenceKitUITests.framework; sourceTree = BUILT_PRODUCTS_DIR; };
		194EFB5E0A1632536BCF5B79 /* Pods-SentenceKitUITests.debug.xcconfig */ = {isa = PBXFileReference; includeInIndex = 1; lastKnownFileType = text.xcconfig; name = "Pods-SentenceKitUITests.debug.xcconfig"; path = "Pods/Target Support Files/Pods-SentenceKitUITests/Pods-SentenceKitUITests.debug.xcconfig"; sourceTree = "<group>"; };
		1C093EE3BF77C3877A5478DE /* Pods_SentenceKit.framework */ = {isa = PBXFileReference; explicitFileType = wrapper.framework; includeInIndex = 0; path = Pods_SentenceKit.framework; sourceTree = BUILT_PRODUCTS_DIR; };
		228764F20EF27381082DA6F4 /* Pods-SentenceKitTests.debug.xcconfig */ = {isa = PBXFileReference; includeInIndex = 1; lastKnownFileType = text.xcconfig; name = "Pods-SentenceKitTests.debug.xcconfig"; path = "Pods/Target Support Files/Pods-SentenceKitTests/Pods-SentenceKitTests.debug.xcconfig"; sourceTree = "<group>"; };
		384754D1D4A066D619137E42 /* Pods-SentenceKit.release.xcconfig */ = {isa = PBXFileReference; includeInIndex = 1; lastKnownFileType = text.xcconfig; name = "Pods-SentenceKit.release.xcconfig"; path = "Pods/Target Support Files/Pods-SentenceKit/Pods-SentenceKit.release.xcconfig"; sourceTree = "<group>"; };
		41C68CCFD9E8C55773079F0E /* Pods-SentenceKit.debug.xcconfig */ = {isa = PBXFileReference; includeInIndex = 1; lastKnownFileType = text.xcconfig; name = "Pods-SentenceKit.debug.xcconfig"; path = "Pods/Target Support Files/Pods-SentenceKit/Pods-SentenceKit.debug.xcconfig"; sourceTree = "<group>"; };
		968D41E808B70D6694AB6E3F /* Pods-SentenceKitUITests.release.xcconfig */ = {isa = PBXFileReference; includeInIndex = 1; lastKnownFileType = text.xcconfig; name = "Pods-SentenceKitUITests.release.xcconfig"; path = "Pods/Target Support Files/Pods-SentenceKitUITests/Pods-SentenceKitUITests.release.xcconfig"; sourceTree = "<group>"; };
		ACE10A8DCF1C5DD3D8D5CA08 /* Pods_SentenceKitTests.framework */ = {isa = PBXFileReference; explicitFileType = wrapper.framework; includeInIndex = 0; path = Pods_SentenceKitTests.framework; sourceTree = BUILT_PRODUCTS_DIR; };
		BFDDD6C8F327DF45A06DEFB0 /* Pods-SentenceKitTests.release.xcconfig */ = {isa = PBXFileReference; includeInIndex = 1; lastKnownFileType = text.xcconfig; name = "Pods-SentenceKitTests.release.xcconfig"; path = "Pods/Target Support Files/Pods-SentenceKitTests/Pods-SentenceKitTests.release.xcconfig"; sourceTree = "<group>"; };
		E93AADD222592E6600FD971C /* BlurOverlay.swift */ = {isa = PBXFileReference; lastKnownFileType = sourcecode.swift; path = BlurOverlay.swift; sourceTree = "<group>"; };
		E968926B224B04BB00EA2EDB /* MultiChoice.swift */ = {isa = PBXFileReference; fileEncoding = 4; lastKnownFileType = sourcecode.swift; path = MultiChoice.swift; sourceTree = "<group>"; };
		E968926D224B04CC00EA2EDB /* SentenceView.swift */ = {isa = PBXFileReference; fileEncoding = 4; lastKnownFileType = sourcecode.swift; path = SentenceView.swift; sourceTree = "<group>"; };
		E968926F224B08DD00EA2EDB /* FreeEntry.swift */ = {isa = PBXFileReference; lastKnownFileType = sourcecode.swift; path = FreeEntry.swift; sourceTree = "<group>"; };
		E983ADDA221BD0B600BC526A /* SentenceKit.app */ = {isa = PBXFileReference; explicitFileType = wrapper.application; includeInIndex = 0; path = SentenceKit.app; sourceTree = BUILT_PRODUCTS_DIR; };
		E983ADDD221BD0B600BC526A /* AppDelegate.swift */ = {isa = PBXFileReference; lastKnownFileType = sourcecode.swift; path = AppDelegate.swift; sourceTree = "<group>"; };
		E983ADDF221BD0B600BC526A /* SentenceViewController.swift */ = {isa = PBXFileReference; lastKnownFileType = sourcecode.swift; path = SentenceViewController.swift; sourceTree = "<group>"; };
		E983ADE2221BD0B600BC526A /* Base */ = {isa = PBXFileReference; lastKnownFileType = file.storyboard; name = Base; path = Base.lproj/Main.storyboard; sourceTree = "<group>"; };
		E983ADE4221BD0B700BC526A /* Assets.xcassets */ = {isa = PBXFileReference; lastKnownFileType = folder.assetcatalog; path = Assets.xcassets; sourceTree = "<group>"; };
		E983ADE7221BD0B700BC526A /* Base */ = {isa = PBXFileReference; lastKnownFileType = file.storyboard; name = Base; path = Base.lproj/LaunchScreen.storyboard; sourceTree = "<group>"; };
		E983ADE9221BD0B700BC526A /* Info.plist */ = {isa = PBXFileReference; lastKnownFileType = text.plist.xml; path = Info.plist; sourceTree = "<group>"; };
		E983ADEE221BD0B700BC526A /* SentenceKitTests.xctest */ = {isa = PBXFileReference; explicitFileType = wrapper.cfbundle; includeInIndex = 0; path = SentenceKitTests.xctest; sourceTree = BUILT_PRODUCTS_DIR; };
		E983ADF2221BD0B700BC526A /* SentenceKitTests.swift */ = {isa = PBXFileReference; lastKnownFileType = sourcecode.swift; path = SentenceKitTests.swift; sourceTree = "<group>"; };
		E983ADF4221BD0B700BC526A /* Info.plist */ = {isa = PBXFileReference; lastKnownFileType = text.plist.xml; path = Info.plist; sourceTree = "<group>"; };
		E983ADF9221BD0B700BC526A /* SentenceKitUITests.xctest */ = {isa = PBXFileReference; explicitFileType = wrapper.cfbundle; includeInIndex = 0; path = SentenceKitUITests.xctest; sourceTree = BUILT_PRODUCTS_DIR; };
		E983ADFD221BD0B700BC526A /* SentenceKitUITests.swift */ = {isa = PBXFileReference; lastKnownFileType = sourcecode.swift; path = SentenceKitUITests.swift; sourceTree = "<group>"; };
		E983ADFF221BD0B700BC526A /* Info.plist */ = {isa = PBXFileReference; lastKnownFileType = text.plist.xml; path = Info.plist; sourceTree = "<group>"; };
		E9A1AB882238D5AE00EFF65E /* Component.swift */ = {isa = PBXFileReference; lastKnownFileType = sourcecode.swift; path = Component.swift; sourceTree = "<group>"; };
		E9C588362236207F000349A6 /* Extensions.swift */ = {isa = PBXFileReference; lastKnownFileType = sourcecode.swift; path = Extensions.swift; sourceTree = "<group>"; };
/* End PBXFileReference section */

/* Begin PBXFrameworksBuildPhase section */
		E983ADD7221BD0B600BC526A /* Frameworks */ = {
			isa = PBXFrameworksBuildPhase;
			buildActionMask = 2147483647;
			files = (
				657EC48A0C5CDBEEDC547644 /* Pods_SentenceKit.framework in Frameworks */,
			);
			runOnlyForDeploymentPostprocessing = 0;
		};
		E983ADEB221BD0B700BC526A /* Frameworks */ = {
			isa = PBXFrameworksBuildPhase;
			buildActionMask = 2147483647;
			files = (
				2224C31D575EED32C9CC030F /* Pods_SentenceKitTests.framework in Frameworks */,
			);
			runOnlyForDeploymentPostprocessing = 0;
		};
		E983ADF6221BD0B700BC526A /* Frameworks */ = {
			isa = PBXFrameworksBuildPhase;
			buildActionMask = 2147483647;
			files = (
				7E8393DE74D455E52ABC57B5 /* Pods_SentenceKitUITests.framework in Frameworks */,
			);
			runOnlyForDeploymentPostprocessing = 0;
		};
/* End PBXFrameworksBuildPhase section */

/* Begin PBXGroup section */
		99EA8000C65986868E86F2A3 /* Frameworks */ = {
			isa = PBXGroup;
			children = (
				1C093EE3BF77C3877A5478DE /* Pods_SentenceKit.framework */,
				ACE10A8DCF1C5DD3D8D5CA08 /* Pods_SentenceKitTests.framework */,
				099404DBBCD69D44681148FE /* Pods_SentenceKitUITests.framework */,
			);
			name = Frameworks;
			sourceTree = "<group>";
		};
		A4C2EBDD65D07DD5628E32C6 /* Pods */ = {
			isa = PBXGroup;
			children = (
				41C68CCFD9E8C55773079F0E /* Pods-SentenceKit.debug.xcconfig */,
				384754D1D4A066D619137E42 /* Pods-SentenceKit.release.xcconfig */,
				228764F20EF27381082DA6F4 /* Pods-SentenceKitTests.debug.xcconfig */,
				BFDDD6C8F327DF45A06DEFB0 /* Pods-SentenceKitTests.release.xcconfig */,
				194EFB5E0A1632536BCF5B79 /* Pods-SentenceKitUITests.debug.xcconfig */,
				968D41E808B70D6694AB6E3F /* Pods-SentenceKitUITests.release.xcconfig */,
			);
			name = Pods;
			sourceTree = "<group>";
		};
		E983ADD1221BD0B600BC526A = {
			isa = PBXGroup;
			children = (
				E983ADDC221BD0B600BC526A /* SentenceKit */,
				E983ADF1221BD0B700BC526A /* SentenceKitTests */,
				E983ADFC221BD0B700BC526A /* SentenceKitUITests */,
				E983ADDB221BD0B600BC526A /* Products */,
				A4C2EBDD65D07DD5628E32C6 /* Pods */,
				99EA8000C65986868E86F2A3 /* Frameworks */,
			);
			sourceTree = "<group>";
		};
		E983ADDB221BD0B600BC526A /* Products */ = {
			isa = PBXGroup;
			children = (
				E983ADDA221BD0B600BC526A /* SentenceKit.app */,
				E983ADEE221BD0B700BC526A /* SentenceKitTests.xctest */,
				E983ADF9221BD0B700BC526A /* SentenceKitUITests.xctest */,
			);
			name = Products;
			sourceTree = "<group>";
		};
		E983ADDC221BD0B600BC526A /* SentenceKit */ = {
			isa = PBXGroup;
			children = (
				E9A1AB872238D58B00EFF65E /* Sentence UI */,
				E983ADDD221BD0B600BC526A /* AppDelegate.swift */,
				E983ADE1221BD0B600BC526A /* Main.storyboard */,
				E983ADE4221BD0B700BC526A /* Assets.xcassets */,
				E983ADE6221BD0B700BC526A /* LaunchScreen.storyboard */,
				E983ADE9221BD0B700BC526A /* Info.plist */,
				E9C588362236207F000349A6 /* Extensions.swift */,
			);
			path = SentenceKit;
			sourceTree = "<group>";
		};
		E983ADF1221BD0B700BC526A /* SentenceKitTests */ = {
			isa = PBXGroup;
			children = (
				E983ADF2221BD0B700BC526A /* SentenceKitTests.swift */,
				E983ADF4221BD0B700BC526A /* Info.plist */,
			);
			path = SentenceKitTests;
			sourceTree = "<group>";
		};
		E983ADFC221BD0B700BC526A /* SentenceKitUITests */ = {
			isa = PBXGroup;
			children = (
				E983ADFD221BD0B700BC526A /* SentenceKitUITests.swift */,
				E983ADFF221BD0B700BC526A /* Info.plist */,
			);
			path = SentenceKitUITests;
			sourceTree = "<group>";
		};
		E9A1AB872238D58B00EFF65E /* Sentence UI */ = {
			isa = PBXGroup;
			children = (
				E968926B224B04BB00EA2EDB /* MultiChoice.swift */,
				E968926D224B04CC00EA2EDB /* SentenceView.swift */,
				E968926F224B08DD00EA2EDB /* FreeEntry.swift */,
				E9A1AB882238D5AE00EFF65E /* Component.swift */,
				E983ADDF221BD0B600BC526A /* SentenceViewController.swift */,
				E93AADD222592E6600FD971C /* BlurOverlay.swift */,
			);
			path = "Sentence UI";
			sourceTree = "<group>";
		};
/* End PBXGroup section */

/* Begin PBXNativeTarget section */
		E983ADD9221BD0B600BC526A /* SentenceKit */ = {
			isa = PBXNativeTarget;
			buildConfigurationList = E983AE02221BD0B700BC526A /* Build configuration list for PBXNativeTarget "SentenceKit" */;
			buildPhases = (
				F3C05B3BF00F016BDFCB0B4C /* [CP] Check Pods Manifest.lock */,
				E983ADD6221BD0B600BC526A /* Sources */,
				E983ADD7221BD0B600BC526A /* Frameworks */,
				E983ADD8221BD0B600BC526A /* Resources */,
				669576B063B8AF232034D1DA /* [CP] Embed Pods Frameworks */,
			);
			buildRules = (
			);
			dependencies = (
			);
			name = SentenceKit;
			productName = SentenceKit;
			productReference = E983ADDA221BD0B600BC526A /* SentenceKit.app */;
			productType = "com.apple.product-type.application";
		};
		E983ADED221BD0B700BC526A /* SentenceKitTests */ = {
			isa = PBXNativeTarget;
			buildConfigurationList = E983AE05221BD0B700BC526A /* Build configuration list for PBXNativeTarget "SentenceKitTests" */;
			buildPhases = (
				BE2607FE825ED888D05A37FF /* [CP] Check Pods Manifest.lock */,
				E983ADEA221BD0B700BC526A /* Sources */,
				E983ADEB221BD0B700BC526A /* Frameworks */,
				E983ADEC221BD0B700BC526A /* Resources */,
			);
			buildRules = (
			);
			dependencies = (
				E983ADF0221BD0B700BC526A /* PBXTargetDependency */,
			);
			name = SentenceKitTests;
			productName = SentenceKitTests;
			productReference = E983ADEE221BD0B700BC526A /* SentenceKitTests.xctest */;
			productType = "com.apple.product-type.bundle.unit-test";
		};
		E983ADF8221BD0B700BC526A /* SentenceKitUITests */ = {
			isa = PBXNativeTarget;
			buildConfigurationList = E983AE08221BD0B700BC526A /* Build configuration list for PBXNativeTarget "SentenceKitUITests" */;
			buildPhases = (
				044BF2EF3C9E1A920E032177 /* [CP] Check Pods Manifest.lock */,
				E983ADF5221BD0B700BC526A /* Sources */,
				E983ADF6221BD0B700BC526A /* Frameworks */,
				E983ADF7221BD0B700BC526A /* Resources */,
			);
			buildRules = (
			);
			dependencies = (
				E983ADFB221BD0B700BC526A /* PBXTargetDependency */,
			);
			name = SentenceKitUITests;
			productName = SentenceKitUITests;
			productReference = E983ADF9221BD0B700BC526A /* SentenceKitUITests.xctest */;
			productType = "com.apple.product-type.bundle.ui-testing";
		};
/* End PBXNativeTarget section */

/* Begin PBXProject section */
		E983ADD2221BD0B600BC526A /* Project object */ = {
			isa = PBXProject;
			attributes = {
				LastSwiftUpdateCheck = 1010;
				LastUpgradeCheck = 1010;
				ORGANIZATIONNAME = "Ricky Kirkendall";
				TargetAttributes = {
					E983ADD9221BD0B600BC526A = {
						CreatedOnToolsVersion = 10.1;
					};
					E983ADED221BD0B700BC526A = {
						CreatedOnToolsVersion = 10.1;
						TestTargetID = E983ADD9221BD0B600BC526A;
					};
					E983ADF8221BD0B700BC526A = {
						CreatedOnToolsVersion = 10.1;
						TestTargetID = E983ADD9221BD0B600BC526A;
					};
				};
			};
			buildConfigurationList = E983ADD5221BD0B600BC526A /* Build configuration list for PBXProject "SentenceKit" */;
			compatibilityVersion = "Xcode 9.3";
			developmentRegion = en;
			hasScannedForEncodings = 0;
			knownRegions = (
				en,
				Base,
			);
			mainGroup = E983ADD1221BD0B600BC526A;
			productRefGroup = E983ADDB221BD0B600BC526A /* Products */;
			projectDirPath = "";
			projectRoot = "";
			targets = (
				E983ADD9221BD0B600BC526A /* SentenceKit */,
				E983ADED221BD0B700BC526A /* SentenceKitTests */,
				E983ADF8221BD0B700BC526A /* SentenceKitUITests */,
			);
		};
/* End PBXProject section */

/* Begin PBXResourcesBuildPhase section */
		E983ADD8221BD0B600BC526A /* Resources */ = {
			isa = PBXResourcesBuildPhase;
			buildActionMask = 2147483647;
			files = (
				E983ADE8221BD0B700BC526A /* LaunchScreen.storyboard in Resources */,
				E983ADE5221BD0B700BC526A /* Assets.xcassets in Resources */,
				E983ADE3221BD0B600BC526A /* Main.storyboard in Resources */,
			);
			runOnlyForDeploymentPostprocessing = 0;
		};
		E983ADEC221BD0B700BC526A /* Resources */ = {
			isa = PBXResourcesBuildPhase;
			buildActionMask = 2147483647;
			files = (
			);
			runOnlyForDeploymentPostprocessing = 0;
		};
		E983ADF7221BD0B700BC526A /* Resources */ = {
			isa = PBXResourcesBuildPhase;
			buildActionMask = 2147483647;
			files = (
			);
			runOnlyForDeploymentPostprocessing = 0;
		};
/* End PBXResourcesBuildPhase section */

/* Begin PBXShellScriptBuildPhase section */
		044BF2EF3C9E1A920E032177 /* [CP] Check Pods Manifest.lock */ = {
			isa = PBXShellScriptBuildPhase;
			buildActionMask = 2147483647;
			files = (
			);
			inputFileListPaths = (
			);
			inputPaths = (
				"${PODS_PODFILE_DIR_PATH}/Podfile.lock",
				"${PODS_ROOT}/Manifest.lock",
			);
			name = "[CP] Check Pods Manifest.lock";
			outputFileListPaths = (
			);
			outputPaths = (
				"$(DERIVED_FILE_DIR)/Pods-SentenceKitUITests-checkManifestLockResult.txt",
			);
			runOnlyForDeploymentPostprocessing = 0;
			shellPath = /bin/sh;
			shellScript = "diff \"${PODS_PODFILE_DIR_PATH}/Podfile.lock\" \"${PODS_ROOT}/Manifest.lock\" > /dev/null\nif [ $? != 0 ] ; then\n    # print error to STDERR\n    echo \"error: The sandbox is not in sync with the Podfile.lock. Run 'pod install' or update your CocoaPods installation.\" >&2\n    exit 1\nfi\n# This output is used by Xcode 'outputs' to avoid re-running this script phase.\necho \"SUCCESS\" > \"${SCRIPT_OUTPUT_FILE_0}\"\n";
			showEnvVarsInLog = 0;
		};
		669576B063B8AF232034D1DA /* [CP] Embed Pods Frameworks */ = {
			isa = PBXShellScriptBuildPhase;
			buildActionMask = 2147483647;
			files = (
			);
			inputFileListPaths = (
			);
			inputPaths = (
				"${SRCROOT}/Pods/Target Support Files/Pods-SentenceKit/Pods-SentenceKit-frameworks.sh",
				"${BUILT_PRODUCTS_DIR}/Modernistik/Modernistik.framework",
			);
			name = "[CP] Embed Pods Frameworks";
			outputFileListPaths = (
			);
			outputPaths = (
				"${TARGET_BUILD_DIR}/${FRAMEWORKS_FOLDER_PATH}/Modernistik.framework",
			);
			runOnlyForDeploymentPostprocessing = 0;
			shellPath = /bin/sh;
			shellScript = "\"${SRCROOT}/Pods/Target Support Files/Pods-SentenceKit/Pods-SentenceKit-frameworks.sh\"\n";
			showEnvVarsInLog = 0;
		};
		BE2607FE825ED888D05A37FF /* [CP] Check Pods Manifest.lock */ = {
			isa = PBXShellScriptBuildPhase;
			buildActionMask = 2147483647;
			files = (
			);
			inputFileListPaths = (
			);
			inputPaths = (
				"${PODS_PODFILE_DIR_PATH}/Podfile.lock",
				"${PODS_ROOT}/Manifest.lock",
			);
			name = "[CP] Check Pods Manifest.lock";
			outputFileListPaths = (
			);
			outputPaths = (
				"$(DERIVED_FILE_DIR)/Pods-SentenceKitTests-checkManifestLockResult.txt",
			);
			runOnlyForDeploymentPostprocessing = 0;
			shellPath = /bin/sh;
			shellScript = "diff \"${PODS_PODFILE_DIR_PATH}/Podfile.lock\" \"${PODS_ROOT}/Manifest.lock\" > /dev/null\nif [ $? != 0 ] ; then\n    # print error to STDERR\n    echo \"error: The sandbox is not in sync with the Podfile.lock. Run 'pod install' or update your CocoaPods installation.\" >&2\n    exit 1\nfi\n# This output is used by Xcode 'outputs' to avoid re-running this script phase.\necho \"SUCCESS\" > \"${SCRIPT_OUTPUT_FILE_0}\"\n";
			showEnvVarsInLog = 0;
		};
		F3C05B3BF00F016BDFCB0B4C /* [CP] Check Pods Manifest.lock */ = {
			isa = PBXShellScriptBuildPhase;
			buildActionMask = 2147483647;
			files = (
			);
			inputFileListPaths = (
			);
			inputPaths = (
				"${PODS_PODFILE_DIR_PATH}/Podfile.lock",
				"${PODS_ROOT}/Manifest.lock",
			);
			name = "[CP] Check Pods Manifest.lock";
			outputFileListPaths = (
			);
			outputPaths = (
				"$(DERIVED_FILE_DIR)/Pods-SentenceKit-checkManifestLockResult.txt",
			);
			runOnlyForDeploymentPostprocessing = 0;
			shellPath = /bin/sh;
			shellScript = "diff \"${PODS_PODFILE_DIR_PATH}/Podfile.lock\" \"${PODS_ROOT}/Manifest.lock\" > /dev/null\nif [ $? != 0 ] ; then\n    # print error to STDERR\n    echo \"error: The sandbox is not in sync with the Podfile.lock. Run 'pod install' or update your CocoaPods installation.\" >&2\n    exit 1\nfi\n# This output is used by Xcode 'outputs' to avoid re-running this script phase.\necho \"SUCCESS\" > \"${SCRIPT_OUTPUT_FILE_0}\"\n";
			showEnvVarsInLog = 0;
		};
/* End PBXShellScriptBuildPhase section */

/* Begin PBXSourcesBuildPhase section */
		E983ADD6221BD0B600BC526A /* Sources */ = {
			isa = PBXSourcesBuildPhase;
			buildActionMask = 2147483647;
			files = (
				E968926E224B04CC00EA2EDB /* SentenceView.swift in Sources */,
				E9A1AB892238D5AE00EFF65E /* Component.swift in Sources */,
				E983ADE0221BD0B600BC526A /* SentenceViewController.swift in Sources */,
				E9C588372236207F000349A6 /* Extensions.swift in Sources */,
				E93AADD322592E6600FD971C /* BlurOverlay.swift in Sources */,
				E9689270224B08DD00EA2EDB /* FreeEntry.swift in Sources */,
				E968926C224B04BB00EA2EDB /* MultiChoice.swift in Sources */,
				E983ADDE221BD0B600BC526A /* AppDelegate.swift in Sources */,
			);
			runOnlyForDeploymentPostprocessing = 0;
		};
		E983ADEA221BD0B700BC526A /* Sources */ = {
			isa = PBXSourcesBuildPhase;
			buildActionMask = 2147483647;
			files = (
				E983ADF3221BD0B700BC526A /* SentenceKitTests.swift in Sources */,
			);
			runOnlyForDeploymentPostprocessing = 0;
		};
		E983ADF5221BD0B700BC526A /* Sources */ = {
			isa = PBXSourcesBuildPhase;
			buildActionMask = 2147483647;
			files = (
				E983ADFE221BD0B700BC526A /* SentenceKitUITests.swift in Sources */,
			);
			runOnlyForDeploymentPostprocessing = 0;
		};
/* End PBXSourcesBuildPhase section */

/* Begin PBXTargetDependency section */
		E983ADF0221BD0B700BC526A /* PBXTargetDependency */ = {
			isa = PBXTargetDependency;
			target = E983ADD9221BD0B600BC526A /* SentenceKit */;
			targetProxy = E983ADEF221BD0B700BC526A /* PBXContainerItemProxy */;
		};
		E983ADFB221BD0B700BC526A /* PBXTargetDependency */ = {
			isa = PBXTargetDependency;
			target = E983ADD9221BD0B600BC526A /* SentenceKit */;
			targetProxy = E983ADFA221BD0B700BC526A /* PBXContainerItemProxy */;
		};
/* End PBXTargetDependency section */

/* Begin PBXVariantGroup section */
		E983ADE1221BD0B600BC526A /* Main.storyboard */ = {
			isa = PBXVariantGroup;
			children = (
				E983ADE2221BD0B600BC526A /* Base */,
			);
			name = Main.storyboard;
			sourceTree = "<group>";
		};
		E983ADE6221BD0B700BC526A /* LaunchScreen.storyboard */ = {
			isa = PBXVariantGroup;
			children = (
				E983ADE7221BD0B700BC526A /* Base */,
			);
			name = LaunchScreen.storyboard;
			sourceTree = "<group>";
		};
/* End PBXVariantGroup section */

/* Begin XCBuildConfiguration section */
		E983AE00221BD0B700BC526A /* Debug */ = {
			isa = XCBuildConfiguration;
			buildSettings = {
				ALWAYS_SEARCH_USER_PATHS = NO;
				CLANG_ANALYZER_NONNULL = YES;
				CLANG_ANALYZER_NUMBER_OBJECT_CONVERSION = YES_AGGRESSIVE;
				CLANG_CXX_LANGUAGE_STANDARD = "gnu++14";
				CLANG_CXX_LIBRARY = "libc++";
				CLANG_ENABLE_MODULES = YES;
				CLANG_ENABLE_OBJC_ARC = YES;
				CLANG_ENABLE_OBJC_WEAK = YES;
				CLANG_WARN_BLOCK_CAPTURE_AUTORELEASING = YES;
				CLANG_WARN_BOOL_CONVERSION = YES;
				CLANG_WARN_COMMA = YES;
				CLANG_WARN_CONSTANT_CONVERSION = YES;
				CLANG_WARN_DEPRECATED_OBJC_IMPLEMENTATIONS = YES;
				CLANG_WARN_DIRECT_OBJC_ISA_USAGE = YES_ERROR;
				CLANG_WARN_DOCUMENTATION_COMMENTS = YES;
				CLANG_WARN_EMPTY_BODY = YES;
				CLANG_WARN_ENUM_CONVERSION = YES;
				CLANG_WARN_INFINITE_RECURSION = YES;
				CLANG_WARN_INT_CONVERSION = YES;
				CLANG_WARN_NON_LITERAL_NULL_CONVERSION = YES;
				CLANG_WARN_OBJC_IMPLICIT_RETAIN_SELF = YES;
				CLANG_WARN_OBJC_LITERAL_CONVERSION = YES;
				CLANG_WARN_OBJC_ROOT_CLASS = YES_ERROR;
				CLANG_WARN_RANGE_LOOP_ANALYSIS = YES;
				CLANG_WARN_STRICT_PROTOTYPES = YES;
				CLANG_WARN_SUSPICIOUS_MOVE = YES;
				CLANG_WARN_UNGUARDED_AVAILABILITY = YES_AGGRESSIVE;
				CLANG_WARN_UNREACHABLE_CODE = YES;
				CLANG_WARN__DUPLICATE_METHOD_MATCH = YES;
				CODE_SIGN_IDENTITY = "iPhone Developer";
				COPY_PHASE_STRIP = NO;
				DEBUG_INFORMATION_FORMAT = dwarf;
				ENABLE_STRICT_OBJC_MSGSEND = YES;
				ENABLE_TESTABILITY = YES;
				GCC_C_LANGUAGE_STANDARD = gnu11;
				GCC_DYNAMIC_NO_PIC = NO;
				GCC_NO_COMMON_BLOCKS = YES;
				GCC_OPTIMIZATION_LEVEL = 0;
				GCC_PREPROCESSOR_DEFINITIONS = (
					"DEBUG=1",
					"$(inherited)",
				);
				GCC_WARN_64_TO_32_BIT_CONVERSION = YES;
				GCC_WARN_ABOUT_RETURN_TYPE = YES_ERROR;
				GCC_WARN_UNDECLARED_SELECTOR = YES;
				GCC_WARN_UNINITIALIZED_AUTOS = YES_AGGRESSIVE;
				GCC_WARN_UNUSED_FUNCTION = YES;
				GCC_WARN_UNUSED_VARIABLE = YES;
				IPHONEOS_DEPLOYMENT_TARGET = 12.1;
				MTL_ENABLE_DEBUG_INFO = INCLUDE_SOURCE;
				MTL_FAST_MATH = YES;
				ONLY_ACTIVE_ARCH = YES;
				SDKROOT = iphoneos;
				SWIFT_ACTIVE_COMPILATION_CONDITIONS = DEBUG;
				SWIFT_OPTIMIZATION_LEVEL = "-Onone";
			};
			name = Debug;
		};
		E983AE01221BD0B700BC526A /* Release */ = {
			isa = XCBuildConfiguration;
			buildSettings = {
				ALWAYS_SEARCH_USER_PATHS = NO;
				CLANG_ANALYZER_NONNULL = YES;
				CLANG_ANALYZER_NUMBER_OBJECT_CONVERSION = YES_AGGRESSIVE;
				CLANG_CXX_LANGUAGE_STANDARD = "gnu++14";
				CLANG_CXX_LIBRARY = "libc++";
				CLANG_ENABLE_MODULES = YES;
				CLANG_ENABLE_OBJC_ARC = YES;
				CLANG_ENABLE_OBJC_WEAK = YES;
				CLANG_WARN_BLOCK_CAPTURE_AUTORELEASING = YES;
				CLANG_WARN_BOOL_CONVERSION = YES;
				CLANG_WARN_COMMA = YES;
				CLANG_WARN_CONSTANT_CONVERSION = YES;
				CLANG_WARN_DEPRECATED_OBJC_IMPLEMENTATIONS = YES;
				CLANG_WARN_DIRECT_OBJC_ISA_USAGE = YES_ERROR;
				CLANG_WARN_DOCUMENTATION_COMMENTS = YES;
				CLANG_WARN_EMPTY_BODY = YES;
				CLANG_WARN_ENUM_CONVERSION = YES;
				CLANG_WARN_INFINITE_RECURSION = YES;
				CLANG_WARN_INT_CONVERSION = YES;
				CLANG_WARN_NON_LITERAL_NULL_CONVERSION = YES;
				CLANG_WARN_OBJC_IMPLICIT_RETAIN_SELF = YES;
				CLANG_WARN_OBJC_LITERAL_CONVERSION = YES;
				CLANG_WARN_OBJC_ROOT_CLASS = YES_ERROR;
				CLANG_WARN_RANGE_LOOP_ANALYSIS = YES;
				CLANG_WARN_STRICT_PROTOTYPES = YES;
				CLANG_WARN_SUSPICIOUS_MOVE = YES;
				CLANG_WARN_UNGUARDED_AVAILABILITY = YES_AGGRESSIVE;
				CLANG_WARN_UNREACHABLE_CODE = YES;
				CLANG_WARN__DUPLICATE_METHOD_MATCH = YES;
				CODE_SIGN_IDENTITY = "iPhone Developer";
				COPY_PHASE_STRIP = NO;
				DEBUG_INFORMATION_FORMAT = "dwarf-with-dsym";
				ENABLE_NS_ASSERTIONS = NO;
				ENABLE_STRICT_OBJC_MSGSEND = YES;
				GCC_C_LANGUAGE_STANDARD = gnu11;
				GCC_NO_COMMON_BLOCKS = YES;
				GCC_WARN_64_TO_32_BIT_CONVERSION = YES;
				GCC_WARN_ABOUT_RETURN_TYPE = YES_ERROR;
				GCC_WARN_UNDECLARED_SELECTOR = YES;
				GCC_WARN_UNINITIALIZED_AUTOS = YES_AGGRESSIVE;
				GCC_WARN_UNUSED_FUNCTION = YES;
				GCC_WARN_UNUSED_VARIABLE = YES;
				IPHONEOS_DEPLOYMENT_TARGET = 12.1;
				MTL_ENABLE_DEBUG_INFO = NO;
				MTL_FAST_MATH = YES;
				SDKROOT = iphoneos;
				SWIFT_COMPILATION_MODE = wholemodule;
				SWIFT_OPTIMIZATION_LEVEL = "-O";
				VALIDATE_PRODUCT = YES;
			};
			name = Release;
		};
		E983AE03221BD0B700BC526A /* Debug */ = {
			isa = XCBuildConfiguration;
			baseConfigurationReference = 41C68CCFD9E8C55773079F0E /* Pods-SentenceKit.debug.xcconfig */;
			buildSettings = {
				ASSETCATALOG_COMPILER_APPICON_NAME = AppIcon;
				CODE_SIGN_STYLE = Automatic;
				DEVELOPMENT_TEAM = 3BTU368497;
				INFOPLIST_FILE = SentenceKit/Info.plist;
				LD_RUNPATH_SEARCH_PATHS = (
					"$(inherited)",
					"@executable_path/Frameworks",
				);
				PRODUCT_BUNDLE_IDENTIFIER = com.sandbox.SentenceKit;
				PRODUCT_NAME = "$(TARGET_NAME)";
				SWIFT_VERSION = 4.2;
				TARGETED_DEVICE_FAMILY = "1,2";
			};
			name = Debug;
		};
		E983AE04221BD0B700BC526A /* Release */ = {
			isa = XCBuildConfiguration;
			baseConfigurationReference = 384754D1D4A066D619137E42 /* Pods-SentenceKit.release.xcconfig */;
			buildSettings = {
				ASSETCATALOG_COMPILER_APPICON_NAME = AppIcon;
				CODE_SIGN_STYLE = Automatic;
				DEVELOPMENT_TEAM = 3BTU368497;
				INFOPLIST_FILE = SentenceKit/Info.plist;
				LD_RUNPATH_SEARCH_PATHS = (
					"$(inherited)",
					"@executable_path/Frameworks",
				);
				PRODUCT_BUNDLE_IDENTIFIER = com.sandbox.SentenceKit;
				PRODUCT_NAME = "$(TARGET_NAME)";
				SWIFT_VERSION = 4.2;
				TARGETED_DEVICE_FAMILY = "1,2";
			};
			name = Release;
		};
		E983AE06221BD0B700BC526A /* Debug */ = {
			isa = XCBuildConfiguration;
			baseConfigurationReference = 228764F20EF27381082DA6F4 /* Pods-SentenceKitTests.debug.xcconfig */;
			buildSettings = {
				ALWAYS_EMBED_SWIFT_STANDARD_LIBRARIES = YES;
				BUNDLE_LOADER = "$(TEST_HOST)";
				CODE_SIGN_STYLE = Automatic;
				DEVELOPMENT_TEAM = 3BTU368497;
				INFOPLIST_FILE = SentenceKitTests/Info.plist;
				LD_RUNPATH_SEARCH_PATHS = (
					"$(inherited)",
					"@executable_path/Frameworks",
					"@loader_path/Frameworks",
				);
				PRODUCT_BUNDLE_IDENTIFIER = com.sandbox.SentenceKitTests;
				PRODUCT_NAME = "$(TARGET_NAME)";
				SWIFT_VERSION = 4.2;
				TARGETED_DEVICE_FAMILY = "1,2";
				TEST_HOST = "$(BUILT_PRODUCTS_DIR)/SentenceKit.app/SentenceKit";
			};
			name = Debug;
		};
		E983AE07221BD0B700BC526A /* Release */ = {
			isa = XCBuildConfiguration;
			baseConfigurationReference = BFDDD6C8F327DF45A06DEFB0 /* Pods-SentenceKitTests.release.xcconfig */;
			buildSettings = {
				ALWAYS_EMBED_SWIFT_STANDARD_LIBRARIES = YES;
				BUNDLE_LOADER = "$(TEST_HOST)";
				CODE_SIGN_STYLE = Automatic;
				DEVELOPMENT_TEAM = 3BTU368497;
				INFOPLIST_FILE = SentenceKitTests/Info.plist;
				LD_RUNPATH_SEARCH_PATHS = (
					"$(inherited)",
					"@executable_path/Frameworks",
					"@loader_path/Frameworks",
				);
				PRODUCT_BUNDLE_IDENTIFIER = com.sandbox.SentenceKitTests;
				PRODUCT_NAME = "$(TARGET_NAME)";
				SWIFT_VERSION = 4.2;
				TARGETED_DEVICE_FAMILY = "1,2";
				TEST_HOST = "$(BUILT_PRODUCTS_DIR)/SentenceKit.app/SentenceKit";
			};
			name = Release;
		};
		E983AE09221BD0B700BC526A /* Debug */ = {
			isa = XCBuildConfiguration;
			baseConfigurationReference = 194EFB5E0A1632536BCF5B79 /* Pods-SentenceKitUITests.debug.xcconfig */;
			buildSettings = {
				ALWAYS_EMBED_SWIFT_STANDARD_LIBRARIES = YES;
				CODE_SIGN_STYLE = Automatic;
				DEVELOPMENT_TEAM = 3BTU368497;
				INFOPLIST_FILE = SentenceKitUITests/Info.plist;
				LD_RUNPATH_SEARCH_PATHS = (
					"$(inherited)",
					"@executable_path/Frameworks",
					"@loader_path/Frameworks",
				);
				PRODUCT_BUNDLE_IDENTIFIER = com.sandbox.SentenceKitUITests;
				PRODUCT_NAME = "$(TARGET_NAME)";
				SWIFT_VERSION = 4.2;
				TARGETED_DEVICE_FAMILY = "1,2";
				TEST_TARGET_NAME = SentenceKit;
			};
			name = Debug;
		};
		E983AE0A221BD0B700BC526A /* Release */ = {
			isa = XCBuildConfiguration;
			baseConfigurationReference = 968D41E808B70D6694AB6E3F /* Pods-SentenceKitUITests.release.xcconfig */;
			buildSettings = {
				ALWAYS_EMBED_SWIFT_STANDARD_LIBRARIES = YES;
				CODE_SIGN_STYLE = Automatic;
				DEVELOPMENT_TEAM = 3BTU368497;
				INFOPLIST_FILE = SentenceKitUITests/Info.plist;
				LD_RUNPATH_SEARCH_PATHS = (
					"$(inherited)",
					"@executable_path/Frameworks",
					"@loader_path/Frameworks",
				);
				PRODUCT_BUNDLE_IDENTIFIER = com.sandbox.SentenceKitUITests;
				PRODUCT_NAME = "$(TARGET_NAME)";
				SWIFT_VERSION = 4.2;
				TARGETED_DEVICE_FAMILY = "1,2";
				TEST_TARGET_NAME = SentenceKit;
			};
			name = Release;
		};
/* End XCBuildConfiguration section */

/* Begin XCConfigurationList section */
		E983ADD5221BD0B600BC526A /* Build configuration list for PBXProject "SentenceKit" */ = {
			isa = XCConfigurationList;
			buildConfigurations = (
				E983AE00221BD0B700BC526A /* Debug */,
				E983AE01221BD0B700BC526A /* Release */,
			);
			defaultConfigurationIsVisible = 0;
			defaultConfigurationName = Release;
		};
		E983AE02221BD0B700BC526A /* Build configuration list for PBXNativeTarget "SentenceKit" */ = {
			isa = XCConfigurationList;
			buildConfigurations = (
				E983AE03221BD0B700BC526A /* Debug */,
				E983AE04221BD0B700BC526A /* Release */,
			);
			defaultConfigurationIsVisible = 0;
			defaultConfigurationName = Release;
		};
		E983AE05221BD0B700BC526A /* Build configuration list for PBXNativeTarget "SentenceKitTests" */ = {
			isa = XCConfigurationList;
			buildConfigurations = (
				E983AE06221BD0B700BC526A /* Debug */,
				E983AE07221BD0B700BC526A /* Release */,
			);
			defaultConfigurationIsVisible = 0;
			defaultConfigurationName = Release;
		};
		E983AE08221BD0B700BC526A /* Build configuration list for PBXNativeTarget "SentenceKitUITests" */ = {
			isa = XCConfigurationList;
			buildConfigurations = (
				E983AE09221BD0B700BC526A /* Debug */,
				E983AE0A221BD0B700BC526A /* Release */,
			);
			defaultConfigurationIsVisible = 0;
			defaultConfigurationName = Release;
		};
/* End XCConfigurationList section */
	};
	rootObject = E983ADD2221BD0B600BC526A /* Project object */;
}
